// !$*UTF8*$!
{
	archiveVersion = 1;
	classes = {
	};
	objectVersion = 56;
	objects = {

/* Begin PBXBuildFile section */
		33B9CA842ACE397900CB1366 /* ResponseAccessToken.swift in Sources */ = {isa = PBXBuildFile; fileRef = 33B9CA832ACE397900CB1366 /* ResponseAccessToken.swift */; };
		33B9CA862ACE437C00CB1366 /* UserSearchBar.swift in Sources */ = {isa = PBXBuildFile; fileRef = 33B9CA852ACE437C00CB1366 /* UserSearchBar.swift */; };
		33B9CA892ACE439800CB1366 /* SnapKit in Frameworks */ = {isa = PBXBuildFile; productRef = 33B9CA882ACE439800CB1366 /* SnapKit */; };
		33B9CA8C2ACE43BF00CB1366 /* Then in Frameworks */ = {isa = PBXBuildFile; productRef = 33B9CA8B2ACE43BF00CB1366 /* Then */; };
		33B9CA8F2ACE456800CB1366 /* ResponseSearchUser.swift in Sources */ = {isa = PBXBuildFile; fileRef = 33B9CA8E2ACE456800CB1366 /* ResponseSearchUser.swift */; };
		33B9CA912ACE45F300CB1366 /* RequestSearchUser.swift in Sources */ = {isa = PBXBuildFile; fileRef = 33B9CA902ACE45F300CB1366 /* RequestSearchUser.swift */; };
		33B9CA932ACE4B1A00CB1366 /* RequestAccessToken.swift in Sources */ = {isa = PBXBuildFile; fileRef = 33B9CA922ACE4B1A00CB1366 /* RequestAccessToken.swift */; };
		33B9CA992ACE4E8400CB1366 /* Kingfisher in Frameworks */ = {isa = PBXBuildFile; productRef = 33B9CA982ACE4E8400CB1366 /* Kingfisher */; };
		33B9CA9C2ACE551D00CB1366 /* UserCell.swift in Sources */ = {isa = PBXBuildFile; fileRef = 33B9CA9A2ACE551D00CB1366 /* UserCell.swift */; };
		33B9CA9D2ACE551D00CB1366 /* UserCell.xib in Resources */ = {isa = PBXBuildFile; fileRef = 33B9CA9B2ACE551D00CB1366 /* UserCell.xib */; };
		33B9CAA42ACEA71500CB1366 /* EmptyCell.swift in Sources */ = {isa = PBXBuildFile; fileRef = 33B9CAA22ACEA71500CB1366 /* EmptyCell.swift */; };
		33B9CAA52ACEA71500CB1366 /* EmptyCell.xib in Resources */ = {isa = PBXBuildFile; fileRef = 33B9CAA32ACEA71500CB1366 /* EmptyCell.xib */; };
		98BEC3BF2ACD966F00529BF0 /* AppDelegate.swift in Sources */ = {isa = PBXBuildFile; fileRef = 98BEC3BE2ACD966F00529BF0 /* AppDelegate.swift */; };
		98BEC3C12ACD966F00529BF0 /* SceneDelegate.swift in Sources */ = {isa = PBXBuildFile; fileRef = 98BEC3C02ACD966F00529BF0 /* SceneDelegate.swift */; };
		98BEC3C82ACD967000529BF0 /* Assets.xcassets in Resources */ = {isa = PBXBuildFile; fileRef = 98BEC3C72ACD967000529BF0 /* Assets.xcassets */; };
		98BEC3CB2ACD967000529BF0 /* LaunchScreen.storyboard in Resources */ = {isa = PBXBuildFile; fileRef = 98BEC3C92ACD967000529BF0 /* LaunchScreen.storyboard */; };
		98BEC3DC2ACD9A4500529BF0 /* GithubSearchViewController.swift in Sources */ = {isa = PBXBuildFile; fileRef = 98BEC3DB2ACD9A4500529BF0 /* GithubSearchViewController.swift */; };
		98BEC3E72ACD9DAD00529BF0 /* CombineMoya in Frameworks */ = {isa = PBXBuildFile; productRef = 98BEC3E62ACD9DAD00529BF0 /* CombineMoya */; };
		98BEC3E92ACD9DAD00529BF0 /* Moya in Frameworks */ = {isa = PBXBuildFile; productRef = 98BEC3E82ACD9DAD00529BF0 /* Moya */; };
		98BEC3EB2ACD9DAD00529BF0 /* ReactiveMoya in Frameworks */ = {isa = PBXBuildFile; productRef = 98BEC3EA2ACD9DAD00529BF0 /* ReactiveMoya */; };
		98BEC3ED2ACD9DAD00529BF0 /* RxMoya in Frameworks */ = {isa = PBXBuildFile; productRef = 98BEC3EC2ACD9DAD00529BF0 /* RxMoya */; };
		98BEC3EF2ACD9E3900529BF0 /* NetworkPlugin.swift in Sources */ = {isa = PBXBuildFile; fileRef = 98BEC3EE2ACD9E3900529BF0 /* NetworkPlugin.swift */; };
		98BEC3F12ACD9E4300529BF0 /* NetworkProvider.swift in Sources */ = {isa = PBXBuildFile; fileRef = 98BEC3F02ACD9E4300529BF0 /* NetworkProvider.swift */; };
		98BEC3F32ACD9E4B00529BF0 /* NetworkError.swift in Sources */ = {isa = PBXBuildFile; fileRef = 98BEC3F22ACD9E4B00529BF0 /* NetworkError.swift */; };
		98BEC3F52ACD9E5500529BF0 /* NetworkAPI.swift in Sources */ = {isa = PBXBuildFile; fileRef = 98BEC3F42ACD9E5500529BF0 /* NetworkAPI.swift */; };
		98BEC3F72ACD9F3600529BF0 /* GithubSearchViewModel.swift in Sources */ = {isa = PBXBuildFile; fileRef = 98BEC3F62ACD9F3600529BF0 /* GithubSearchViewModel.swift */; };
/* End PBXBuildFile section */

/* Begin PBXFileReference section */
		33B9CA832ACE397900CB1366 /* ResponseAccessToken.swift */ = {isa = PBXFileReference; lastKnownFileType = sourcecode.swift; path = ResponseAccessToken.swift; sourceTree = "<group>"; };
		33B9CA852ACE437C00CB1366 /* UserSearchBar.swift */ = {isa = PBXFileReference; fileEncoding = 4; lastKnownFileType = sourcecode.swift; path = UserSearchBar.swift; sourceTree = "<group>"; };
		33B9CA8E2ACE456800CB1366 /* ResponseSearchUser.swift */ = {isa = PBXFileReference; lastKnownFileType = sourcecode.swift; path = ResponseSearchUser.swift; sourceTree = "<group>"; };
		33B9CA902ACE45F300CB1366 /* RequestSearchUser.swift */ = {isa = PBXFileReference; lastKnownFileType = sourcecode.swift; path = RequestSearchUser.swift; sourceTree = "<group>"; };
		33B9CA922ACE4B1A00CB1366 /* RequestAccessToken.swift */ = {isa = PBXFileReference; lastKnownFileType = sourcecode.swift; path = RequestAccessToken.swift; sourceTree = "<group>"; };
		33B9CA9A2ACE551D00CB1366 /* UserCell.swift */ = {isa = PBXFileReference; lastKnownFileType = sourcecode.swift; path = UserCell.swift; sourceTree = "<group>"; };
		33B9CA9B2ACE551D00CB1366 /* UserCell.xib */ = {isa = PBXFileReference; lastKnownFileType = file.xib; path = UserCell.xib; sourceTree = "<group>"; };
		33B9CAA22ACEA71500CB1366 /* EmptyCell.swift */ = {isa = PBXFileReference; lastKnownFileType = sourcecode.swift; path = EmptyCell.swift; sourceTree = "<group>"; };
		33B9CAA32ACEA71500CB1366 /* EmptyCell.xib */ = {isa = PBXFileReference; lastKnownFileType = file.xib; path = EmptyCell.xib; sourceTree = "<group>"; };
		98BEC3BB2ACD966F00529BF0 /* illuminareanCodingTest.app */ = {isa = PBXFileReference; explicitFileType = wrapper.application; includeInIndex = 0; path = illuminareanCodingTest.app; sourceTree = BUILT_PRODUCTS_DIR; };
		98BEC3BE2ACD966F00529BF0 /* AppDelegate.swift */ = {isa = PBXFileReference; lastKnownFileType = sourcecode.swift; path = AppDelegate.swift; sourceTree = "<group>"; };
		98BEC3C02ACD966F00529BF0 /* SceneDelegate.swift */ = {isa = PBXFileReference; lastKnownFileType = sourcecode.swift; path = SceneDelegate.swift; sourceTree = "<group>"; };
		98BEC3C72ACD967000529BF0 /* Assets.xcassets */ = {isa = PBXFileReference; lastKnownFileType = folder.assetcatalog; path = Assets.xcassets; sourceTree = "<group>"; };
		98BEC3CA2ACD967000529BF0 /* Base */ = {isa = PBXFileReference; lastKnownFileType = file.storyboard; name = Base; path = Base.lproj/LaunchScreen.storyboard; sourceTree = "<group>"; };
		98BEC3CC2ACD967000529BF0 /* Info.plist */ = {isa = PBXFileReference; lastKnownFileType = text.plist.xml; path = Info.plist; sourceTree = "<group>"; };
		98BEC3DB2ACD9A4500529BF0 /* GithubSearchViewController.swift */ = {isa = PBXFileReference; lastKnownFileType = sourcecode.swift; path = GithubSearchViewController.swift; sourceTree = "<group>"; };
		98BEC3EE2ACD9E3900529BF0 /* NetworkPlugin.swift */ = {isa = PBXFileReference; lastKnownFileType = sourcecode.swift; path = NetworkPlugin.swift; sourceTree = "<group>"; };
		98BEC3F02ACD9E4300529BF0 /* NetworkProvider.swift */ = {isa = PBXFileReference; lastKnownFileType = sourcecode.swift; path = NetworkProvider.swift; sourceTree = "<group>"; };
		98BEC3F22ACD9E4B00529BF0 /* NetworkError.swift */ = {isa = PBXFileReference; lastKnownFileType = sourcecode.swift; path = NetworkError.swift; sourceTree = "<group>"; };
		98BEC3F42ACD9E5500529BF0 /* NetworkAPI.swift */ = {isa = PBXFileReference; lastKnownFileType = sourcecode.swift; path = NetworkAPI.swift; sourceTree = "<group>"; };
		98BEC3F62ACD9F3600529BF0 /* GithubSearchViewModel.swift */ = {isa = PBXFileReference; lastKnownFileType = sourcecode.swift; path = GithubSearchViewModel.swift; sourceTree = "<group>"; };
/* End PBXFileReference section */

/* Begin PBXFrameworksBuildPhase section */
		98BEC3B82ACD966F00529BF0 /* Frameworks */ = {
			isa = PBXFrameworksBuildPhase;
			buildActionMask = 2147483647;
			files = (
				98BEC3E92ACD9DAD00529BF0 /* Moya in Frameworks */,
				33B9CA8C2ACE43BF00CB1366 /* Then in Frameworks */,
				33B9CA992ACE4E8400CB1366 /* Kingfisher in Frameworks */,
				98BEC3E72ACD9DAD00529BF0 /* CombineMoya in Frameworks */,
				98BEC3ED2ACD9DAD00529BF0 /* RxMoya in Frameworks */,
				98BEC3EB2ACD9DAD00529BF0 /* ReactiveMoya in Frameworks */,
				33B9CA892ACE439800CB1366 /* SnapKit in Frameworks */,
			);
			runOnlyForDeploymentPostprocessing = 0;
		};
/* End PBXFrameworksBuildPhase section */

/* Begin PBXGroup section */
		33B9CA802ACE396700CB1366 /* AccessToken */ = {
			isa = PBXGroup;
			children = (
				33B9CA922ACE4B1A00CB1366 /* RequestAccessToken.swift */,
				33B9CA832ACE397900CB1366 /* ResponseAccessToken.swift */,
			);
			path = AccessToken;
			sourceTree = "<group>";
		};
		33B9CA8D2ACE451A00CB1366 /* User */ = {
			isa = PBXGroup;
			children = (
				33B9CA902ACE45F300CB1366 /* RequestSearchUser.swift */,
				33B9CA8E2ACE456800CB1366 /* ResponseSearchUser.swift */,
			);
			path = User;
			sourceTree = "<group>";
		};
		33B9CA942ACE4C2000CB1366 /* Cell */ = {
			isa = PBXGroup;
			children = (
				33B9CA9A2ACE551D00CB1366 /* UserCell.swift */,
				33B9CA9B2ACE551D00CB1366 /* UserCell.xib */,
				33B9CAA22ACEA71500CB1366 /* EmptyCell.swift */,
				33B9CAA32ACEA71500CB1366 /* EmptyCell.xib */,
			);
			path = Cell;
			sourceTree = "<group>";
		};
		33B9CA9E2ACE78F900CB1366 /* View */ = {
			isa = PBXGroup;
			children = (
				33B9CA852ACE437C00CB1366 /* UserSearchBar.swift */,
			);
			path = View;
			sourceTree = "<group>";
		};
		98BEC3B22ACD966F00529BF0 = {
			isa = PBXGroup;
			children = (
				98BEC3BD2ACD966F00529BF0 /* illuminareanCodingTest */,
				98BEC3BC2ACD966F00529BF0 /* Products */,
			);
			sourceTree = "<group>";
		};
		98BEC3BC2ACD966F00529BF0 /* Products */ = {
			isa = PBXGroup;
			children = (
				98BEC3BB2ACD966F00529BF0 /* illuminareanCodingTest.app */,
			);
			name = Products;
			sourceTree = "<group>";
		};
		98BEC3BD2ACD966F00529BF0 /* illuminareanCodingTest */ = {
			isa = PBXGroup;
			children = (
				98BEC3D82ACD997200529BF0 /* Application */,
				98BEC3D72ACD996400529BF0 /* Presentation */,
				98BEC3D62ACD98D900529BF0 /* Model */,
				98BEC3D52ACD98D200529BF0 /* Common */,
				98BEC3D42ACD98CB00529BF0 /* Network */,
				98BEC3D32ACD98B400529BF0 /* Resources */,
				98BEC3D22ACD98A200529BF0 /* Supproting Files */,
			);
			path = illuminareanCodingTest;
			sourceTree = "<group>";
		};
		98BEC3D22ACD98A200529BF0 /* Supproting Files */ = {
			isa = PBXGroup;
			children = (
				98BEC3CC2ACD967000529BF0 /* Info.plist */,
			);
			path = "Supproting Files";
			sourceTree = "<group>";
		};
		98BEC3D32ACD98B400529BF0 /* Resources */ = {
			isa = PBXGroup;
			children = (
				98BEC3C72ACD967000529BF0 /* Assets.xcassets */,
				98BEC3C92ACD967000529BF0 /* LaunchScreen.storyboard */,
			);
			path = Resources;
			sourceTree = "<group>";
		};
		98BEC3D42ACD98CB00529BF0 /* Network */ = {
			isa = PBXGroup;
			children = (
				98BEC3EE2ACD9E3900529BF0 /* NetworkPlugin.swift */,
				98BEC3F02ACD9E4300529BF0 /* NetworkProvider.swift */,
				98BEC3F22ACD9E4B00529BF0 /* NetworkError.swift */,
				98BEC3F42ACD9E5500529BF0 /* NetworkAPI.swift */,
			);
			path = Network;
			sourceTree = "<group>";
		};
		98BEC3D52ACD98D200529BF0 /* Common */ = {
			isa = PBXGroup;
			children = (
				33B9CA9E2ACE78F900CB1366 /* View */,
			);
			path = Common;
			sourceTree = "<group>";
		};
		98BEC3D62ACD98D900529BF0 /* Model */ = {
			isa = PBXGroup;
			children = (
				33B9CA8D2ACE451A00CB1366 /* User */,
				33B9CA802ACE396700CB1366 /* AccessToken */,
			);
			path = Model;
			sourceTree = "<group>";
		};
		98BEC3D72ACD996400529BF0 /* Presentation */ = {
			isa = PBXGroup;
			children = (
				98BEC3D92ACD9A0E00529BF0 /* View */,
				98BEC3DA2ACD9A1300529BF0 /* ViewModel */,
			);
			path = Presentation;
			sourceTree = "<group>";
		};
		98BEC3D82ACD997200529BF0 /* Application */ = {
			isa = PBXGroup;
			children = (
				98BEC3BE2ACD966F00529BF0 /* AppDelegate.swift */,
				98BEC3C02ACD966F00529BF0 /* SceneDelegate.swift */,
			);
			path = Application;
			sourceTree = "<group>";
		};
		98BEC3D92ACD9A0E00529BF0 /* View */ = {
			isa = PBXGroup;
			children = (
				33B9CA942ACE4C2000CB1366 /* Cell */,
				98BEC3DB2ACD9A4500529BF0 /* GithubSearchViewController.swift */,
			);
			path = View;
			sourceTree = "<group>";
		};
		98BEC3DA2ACD9A1300529BF0 /* ViewModel */ = {
			isa = PBXGroup;
			children = (
				98BEC3F62ACD9F3600529BF0 /* GithubSearchViewModel.swift */,
			);
			path = ViewModel;
			sourceTree = "<group>";
		};
/* End PBXGroup section */

/* Begin PBXNativeTarget section */
		98BEC3BA2ACD966F00529BF0 /* illuminareanCodingTest */ = {
			isa = PBXNativeTarget;
			buildConfigurationList = 98BEC3CF2ACD967000529BF0 /* Build configuration list for PBXNativeTarget "illuminareanCodingTest" */;
			buildPhases = (
				98BEC3B72ACD966F00529BF0 /* Sources */,
				98BEC3B82ACD966F00529BF0 /* Frameworks */,
				98BEC3B92ACD966F00529BF0 /* Resources */,
			);
			buildRules = (
			);
			dependencies = (
			);
			name = illuminareanCodingTest;
			packageProductDependencies = (
				98BEC3E62ACD9DAD00529BF0 /* CombineMoya */,
				98BEC3E82ACD9DAD00529BF0 /* Moya */,
				98BEC3EA2ACD9DAD00529BF0 /* ReactiveMoya */,
				98BEC3EC2ACD9DAD00529BF0 /* RxMoya */,
				33B9CA882ACE439800CB1366 /* SnapKit */,
				33B9CA8B2ACE43BF00CB1366 /* Then */,
				33B9CA982ACE4E8400CB1366 /* Kingfisher */,
			);
			productName = illuminareanCodingTest;
			productReference = 98BEC3BB2ACD966F00529BF0 /* illuminareanCodingTest.app */;
			productType = "com.apple.product-type.application";
		};
/* End PBXNativeTarget section */

/* Begin PBXProject section */
		98BEC3B32ACD966F00529BF0 /* Project object */ = {
			isa = PBXProject;
			attributes = {
				BuildIndependentTargetsInParallel = 1;
				LastSwiftUpdateCheck = 1500;
				LastUpgradeCheck = 1500;
				TargetAttributes = {
					98BEC3BA2ACD966F00529BF0 = {
						CreatedOnToolsVersion = 15.0;
					};
				};
			};
			buildConfigurationList = 98BEC3B62ACD966F00529BF0 /* Build configuration list for PBXProject "illuminareanCodingTest" */;
			compatibilityVersion = "Xcode 14.0";
			developmentRegion = en;
			hasScannedForEncodings = 0;
			knownRegions = (
				en,
				Base,
			);
			mainGroup = 98BEC3B22ACD966F00529BF0;
			packageReferences = (
				98BEC3E52ACD9DAD00529BF0 /* XCRemoteSwiftPackageReference "Moya" */,
				33B9CA872ACE439800CB1366 /* XCRemoteSwiftPackageReference "SnapKit" */,
				33B9CA8A2ACE43BF00CB1366 /* XCRemoteSwiftPackageReference "Then" */,
				33B9CA972ACE4E8400CB1366 /* XCRemoteSwiftPackageReference "Kingfisher" */,
			);
			productRefGroup = 98BEC3BC2ACD966F00529BF0 /* Products */;
			projectDirPath = "";
			projectRoot = "";
			targets = (
				98BEC3BA2ACD966F00529BF0 /* illuminareanCodingTest */,
			);
		};
/* End PBXProject section */

/* Begin PBXResourcesBuildPhase section */
		98BEC3B92ACD966F00529BF0 /* Resources */ = {
			isa = PBXResourcesBuildPhase;
			buildActionMask = 2147483647;
			files = (
				98BEC3CB2ACD967000529BF0 /* LaunchScreen.storyboard in Resources */,
				33B9CAA52ACEA71500CB1366 /* EmptyCell.xib in Resources */,
				98BEC3C82ACD967000529BF0 /* Assets.xcassets in Resources */,
				33B9CA9D2ACE551D00CB1366 /* UserCell.xib in Resources */,
			);
			runOnlyForDeploymentPostprocessing = 0;
		};
/* End PBXResourcesBuildPhase section */

/* Begin PBXSourcesBuildPhase section */
		98BEC3B72ACD966F00529BF0 /* Sources */ = {
			isa = PBXSourcesBuildPhase;
			buildActionMask = 2147483647;
			files = (
				98BEC3BF2ACD966F00529BF0 /* AppDelegate.swift in Sources */,
				98BEC3DC2ACD9A4500529BF0 /* GithubSearchViewController.swift in Sources */,
				98BEC3C12ACD966F00529BF0 /* SceneDelegate.swift in Sources */,
				33B9CA912ACE45F300CB1366 /* RequestSearchUser.swift in Sources */,
				98BEC3F72ACD9F3600529BF0 /* GithubSearchViewModel.swift in Sources */,
				98BEC3F52ACD9E5500529BF0 /* NetworkAPI.swift in Sources */,
				33B9CA9C2ACE551D00CB1366 /* UserCell.swift in Sources */,
				33B9CA862ACE437C00CB1366 /* UserSearchBar.swift in Sources */,
				98BEC3F32ACD9E4B00529BF0 /* NetworkError.swift in Sources */,
				98BEC3EF2ACD9E3900529BF0 /* NetworkPlugin.swift in Sources */,
				33B9CA842ACE397900CB1366 /* ResponseAccessToken.swift in Sources */,
				98BEC3F12ACD9E4300529BF0 /* NetworkProvider.swift in Sources */,
				33B9CA932ACE4B1A00CB1366 /* RequestAccessToken.swift in Sources */,
				33B9CA8F2ACE456800CB1366 /* ResponseSearchUser.swift in Sources */,
				33B9CAA42ACEA71500CB1366 /* EmptyCell.swift in Sources */,
			);
			runOnlyForDeploymentPostprocessing = 0;
		};
/* End PBXSourcesBuildPhase section */

/* Begin PBXVariantGroup section */
		98BEC3C92ACD967000529BF0 /* LaunchScreen.storyboard */ = {
			isa = PBXVariantGroup;
			children = (
				98BEC3CA2ACD967000529BF0 /* Base */,
			);
			name = LaunchScreen.storyboard;
			sourceTree = "<group>";
		};
/* End PBXVariantGroup section */

/* Begin XCBuildConfiguration section */
		98BEC3CD2ACD967000529BF0 /* Debug */ = {
			isa = XCBuildConfiguration;
			buildSettings = {
				ALWAYS_SEARCH_USER_PATHS = NO;
				ASSETCATALOG_COMPILER_GENERATE_SWIFT_ASSET_SYMBOL_EXTENSIONS = YES;
				CLANG_ANALYZER_NONNULL = YES;
				CLANG_ANALYZER_NUMBER_OBJECT_CONVERSION = YES_AGGRESSIVE;
				CLANG_CXX_LANGUAGE_STANDARD = "gnu++20";
				CLANG_ENABLE_MODULES = YES;
				CLANG_ENABLE_OBJC_ARC = YES;
				CLANG_ENABLE_OBJC_WEAK = YES;
				CLANG_WARN_BLOCK_CAPTURE_AUTORELEASING = YES;
				CLANG_WARN_BOOL_CONVERSION = YES;
				CLANG_WARN_COMMA = YES;
				CLANG_WARN_CONSTANT_CONVERSION = YES;
				CLANG_WARN_DEPRECATED_OBJC_IMPLEMENTATIONS = YES;
				CLANG_WARN_DIRECT_OBJC_ISA_USAGE = YES_ERROR;
				CLANG_WARN_DOCUMENTATION_COMMENTS = YES;
				CLANG_WARN_EMPTY_BODY = YES;
				CLANG_WARN_ENUM_CONVERSION = YES;
				CLANG_WARN_INFINITE_RECURSION = YES;
				CLANG_WARN_INT_CONVERSION = YES;
				CLANG_WARN_NON_LITERAL_NULL_CONVERSION = YES;
				CLANG_WARN_OBJC_IMPLICIT_RETAIN_SELF = YES;
				CLANG_WARN_OBJC_LITERAL_CONVERSION = YES;
				CLANG_WARN_OBJC_ROOT_CLASS = YES_ERROR;
				CLANG_WARN_QUOTED_INCLUDE_IN_FRAMEWORK_HEADER = YES;
				CLANG_WARN_RANGE_LOOP_ANALYSIS = YES;
				CLANG_WARN_STRICT_PROTOTYPES = YES;
				CLANG_WARN_SUSPICIOUS_MOVE = YES;
				CLANG_WARN_UNGUARDED_AVAILABILITY = YES_AGGRESSIVE;
				CLANG_WARN_UNREACHABLE_CODE = YES;
				CLANG_WARN__DUPLICATE_METHOD_MATCH = YES;
				COPY_PHASE_STRIP = NO;
				DEBUG_INFORMATION_FORMAT = dwarf;
				ENABLE_STRICT_OBJC_MSGSEND = YES;
				ENABLE_TESTABILITY = YES;
				ENABLE_USER_SCRIPT_SANDBOXING = YES;
				GCC_C_LANGUAGE_STANDARD = gnu17;
				GCC_DYNAMIC_NO_PIC = NO;
				GCC_NO_COMMON_BLOCKS = YES;
				GCC_OPTIMIZATION_LEVEL = 0;
				GCC_PREPROCESSOR_DEFINITIONS = (
					"DEBUG=1",
					"$(inherited)",
				);
				GCC_WARN_64_TO_32_BIT_CONVERSION = YES;
				GCC_WARN_ABOUT_RETURN_TYPE = YES_ERROR;
				GCC_WARN_UNDECLARED_SELECTOR = YES;
				GCC_WARN_UNINITIALIZED_AUTOS = YES_AGGRESSIVE;
				GCC_WARN_UNUSED_FUNCTION = YES;
				GCC_WARN_UNUSED_VARIABLE = YES;
				IPHONEOS_DEPLOYMENT_TARGET = 15.0;
				LOCALIZATION_PREFERS_STRING_CATALOGS = YES;
				MTL_ENABLE_DEBUG_INFO = INCLUDE_SOURCE;
				MTL_FAST_MATH = YES;
				ONLY_ACTIVE_ARCH = YES;
				SDKROOT = iphoneos;
				SWIFT_ACTIVE_COMPILATION_CONDITIONS = "DEBUG $(inherited)";
				SWIFT_OPTIMIZATION_LEVEL = "-Onone";
			};
			name = Debug;
		};
		98BEC3CE2ACD967000529BF0 /* Release */ = {
			isa = XCBuildConfiguration;
			buildSettings = {
				ALWAYS_SEARCH_USER_PATHS = NO;
				ASSETCATALOG_COMPILER_GENERATE_SWIFT_ASSET_SYMBOL_EXTENSIONS = YES;
				CLANG_ANALYZER_NONNULL = YES;
				CLANG_ANALYZER_NUMBER_OBJECT_CONVERSION = YES_AGGRESSIVE;
				CLANG_CXX_LANGUAGE_STANDARD = "gnu++20";
				CLANG_ENABLE_MODULES = YES;
				CLANG_ENABLE_OBJC_ARC = YES;
				CLANG_ENABLE_OBJC_WEAK = YES;
				CLANG_WARN_BLOCK_CAPTURE_AUTORELEASING = YES;
				CLANG_WARN_BOOL_CONVERSION = YES;
				CLANG_WARN_COMMA = YES;
				CLANG_WARN_CONSTANT_CONVERSION = YES;
				CLANG_WARN_DEPRECATED_OBJC_IMPLEMENTATIONS = YES;
				CLANG_WARN_DIRECT_OBJC_ISA_USAGE = YES_ERROR;
				CLANG_WARN_DOCUMENTATION_COMMENTS = YES;
				CLANG_WARN_EMPTY_BODY = YES;
				CLANG_WARN_ENUM_CONVERSION = YES;
				CLANG_WARN_INFINITE_RECURSION = YES;
				CLANG_WARN_INT_CONVERSION = YES;
				CLANG_WARN_NON_LITERAL_NULL_CONVERSION = YES;
				CLANG_WARN_OBJC_IMPLICIT_RETAIN_SELF = YES;
				CLANG_WARN_OBJC_LITERAL_CONVERSION = YES;
				CLANG_WARN_OBJC_ROOT_CLASS = YES_ERROR;
				CLANG_WARN_QUOTED_INCLUDE_IN_FRAMEWORK_HEADER = YES;
				CLANG_WARN_RANGE_LOOP_ANALYSIS = YES;
				CLANG_WARN_STRICT_PROTOTYPES = YES;
				CLANG_WARN_SUSPICIOUS_MOVE = YES;
				CLANG_WARN_UNGUARDED_AVAILABILITY = YES_AGGRESSIVE;
				CLANG_WARN_UNREACHABLE_CODE = YES;
				CLANG_WARN__DUPLICATE_METHOD_MATCH = YES;
				COPY_PHASE_STRIP = NO;
				DEBUG_INFORMATION_FORMAT = "dwarf-with-dsym";
				ENABLE_NS_ASSERTIONS = NO;
				ENABLE_STRICT_OBJC_MSGSEND = YES;
				ENABLE_USER_SCRIPT_SANDBOXING = YES;
				GCC_C_LANGUAGE_STANDARD = gnu17;
				GCC_NO_COMMON_BLOCKS = YES;
				GCC_WARN_64_TO_32_BIT_CONVERSION = YES;
				GCC_WARN_ABOUT_RETURN_TYPE = YES_ERROR;
				GCC_WARN_UNDECLARED_SELECTOR = YES;
				GCC_WARN_UNINITIALIZED_AUTOS = YES_AGGRESSIVE;
				GCC_WARN_UNUSED_FUNCTION = YES;
				GCC_WARN_UNUSED_VARIABLE = YES;
				IPHONEOS_DEPLOYMENT_TARGET = 15.0;
				LOCALIZATION_PREFERS_STRING_CATALOGS = YES;
				MTL_ENABLE_DEBUG_INFO = NO;
				MTL_FAST_MATH = YES;
				SDKROOT = iphoneos;
				SWIFT_COMPILATION_MODE = wholemodule;
				VALIDATE_PRODUCT = YES;
			};
			name = Release;
		};
		98BEC3D02ACD967000529BF0 /* Debug */ = {
			isa = XCBuildConfiguration;
			buildSettings = {
				ASSETCATALOG_COMPILER_APPICON_NAME = AppIcon;
				ASSETCATALOG_COMPILER_GLOBAL_ACCENT_COLOR_NAME = AccentColor;
				CODE_SIGN_STYLE = Automatic;
				CURRENT_PROJECT_VERSION = 1;
				DEVELOPMENT_TEAM = FF4F6NQNDX;
				GENERATE_INFOPLIST_FILE = YES;
				INFOPLIST_FILE = illuminareanCodingTest/Info.plist;
				INFOPLIST_KEY_UIApplicationSupportsIndirectInputEvents = YES;
				INFOPLIST_KEY_UILaunchStoryboardName = LaunchScreen;
				INFOPLIST_KEY_UISupportedInterfaceOrientations = UIInterfaceOrientationPortrait;
				IPHONEOS_DEPLOYMENT_TARGET = 15.0;
				LD_RUNPATH_SEARCH_PATHS = (
					"$(inherited)",
					"@executable_path/Frameworks",
				);
				MARKETING_VERSION = 1.0;
				PRODUCT_BUNDLE_IDENTIFIER = randychoi.illuminareanCodingTest;
				PRODUCT_NAME = "$(TARGET_NAME)";
				SUPPORTED_PLATFORMS = "iphoneos iphonesimulator";
				SUPPORTS_MACCATALYST = NO;
				SUPPORTS_MAC_DESIGNED_FOR_IPHONE_IPAD = NO;
				SWIFT_EMIT_LOC_STRINGS = YES;
				SWIFT_VERSION = 5.0;
				TARGETED_DEVICE_FAMILY = 1;
			};
			name = Debug;
		};
		98BEC3D12ACD967000529BF0 /* Release */ = {
			isa = XCBuildConfiguration;
			buildSettings = {
				ASSETCATALOG_COMPILER_APPICON_NAME = AppIcon;
				ASSETCATALOG_COMPILER_GLOBAL_ACCENT_COLOR_NAME = AccentColor;
				CODE_SIGN_STYLE = Automatic;
				CURRENT_PROJECT_VERSION = 1;
				DEVELOPMENT_TEAM = FF4F6NQNDX;
				GENERATE_INFOPLIST_FILE = YES;
				INFOPLIST_FILE = illuminareanCodingTest/Info.plist;
				INFOPLIST_KEY_UIApplicationSupportsIndirectInputEvents = YES;
				INFOPLIST_KEY_UILaunchStoryboardName = LaunchScreen;
				INFOPLIST_KEY_UISupportedInterfaceOrientations = UIInterfaceOrientationPortrait;
				IPHONEOS_DEPLOYMENT_TARGET = 15.0;
				LD_RUNPATH_SEARCH_PATHS = (
					"$(inherited)",
					"@executable_path/Frameworks",
				);
				MARKETING_VERSION = 1.0;
				PRODUCT_BUNDLE_IDENTIFIER = randychoi.illuminareanCodingTest;
				PRODUCT_NAME = "$(TARGET_NAME)";
				SUPPORTED_PLATFORMS = "iphoneos iphonesimulator";
				SUPPORTS_MACCATALYST = NO;
				SUPPORTS_MAC_DESIGNED_FOR_IPHONE_IPAD = NO;
				SWIFT_EMIT_LOC_STRINGS = YES;
				SWIFT_VERSION = 5.0;
				TARGETED_DEVICE_FAMILY = 1;
			};
			name = Release;
		};
/* End XCBuildConfiguration section */

/* Begin XCConfigurationList section */
		98BEC3B62ACD966F00529BF0 /* Build configuration list for PBXProject "illuminareanCodingTest" */ = {
			isa = XCConfigurationList;
			buildConfigurations = (
				98BEC3CD2ACD967000529BF0 /* Debug */,
				98BEC3CE2ACD967000529BF0 /* Release */,
			);
			defaultConfigurationIsVisible = 0;
			defaultConfigurationName = Release;
		};
		98BEC3CF2ACD967000529BF0 /* Build configuration list for PBXNativeTarget "illuminareanCodingTest" */ = {
			isa = XCConfigurationList;
			buildConfigurations = (
				98BEC3D02ACD967000529BF0 /* Debug */,
				98BEC3D12ACD967000529BF0 /* Release */,
			);
			defaultConfigurationIsVisible = 0;
			defaultConfigurationName = Release;
		};
/* End XCConfigurationList section */

/* Begin XCRemoteSwiftPackageReference section */
		33B9CA872ACE439800CB1366 /* XCRemoteSwiftPackageReference "SnapKit" */ = {
			isa = XCRemoteSwiftPackageReference;
			repositoryURL = "https://github.com/SnapKit/SnapKit.git";
			requirement = {
				kind = upToNextMajorVersion;
				minimumVersion = 5.6.0;
			};
		};
		33B9CA8A2ACE43BF00CB1366 /* XCRemoteSwiftPackageReference "Then" */ = {
			isa = XCRemoteSwiftPackageReference;
			repositoryURL = "https://github.com/devxoul/Then";
			requirement = {
				kind = upToNextMajorVersion;
				minimumVersion = 3.0.0;
			};
		};
		33B9CA972ACE4E8400CB1366 /* XCRemoteSwiftPackageReference "Kingfisher" */ = {
			isa = XCRemoteSwiftPackageReference;
			repositoryURL = "https://github.com/onevcat/Kingfisher.git";
			requirement = {
				kind = upToNextMajorVersion;
				minimumVersion = 7.9.1;
			};
		};
		98BEC3E52ACD9DAD00529BF0 /* XCRemoteSwiftPackageReference "Moya" */ = {
			isa = XCRemoteSwiftPackageReference;
			repositoryURL = "https://github.com/Moya/Moya.git";
			requirement = {
				kind = upToNextMajorVersion;
				minimumVersion = 15.0.3;
			};
		};
/* End XCRemoteSwiftPackageReference section */

/* Begin XCSwiftPackageProductDependency section */
		33B9CA882ACE439800CB1366 /* SnapKit */ = {
			isa = XCSwiftPackageProductDependency;
			package = 33B9CA872ACE439800CB1366 /* XCRemoteSwiftPackageReference "SnapKit" */;
			productName = SnapKit;
		};
		33B9CA8B2ACE43BF00CB1366 /* Then */ = {
			isa = XCSwiftPackageProductDependency;
			package = 33B9CA8A2ACE43BF00CB1366 /* XCRemoteSwiftPackageReference "Then" */;
			productName = Then;
		};
		33B9CA982ACE4E8400CB1366 /* Kingfisher */ = {
			isa = XCSwiftPackageProductDependency;
			package = 33B9CA972ACE4E8400CB1366 /* XCRemoteSwiftPackageReference "Kingfisher" */;
			productName = Kingfisher;
		};
		98BEC3E62ACD9DAD00529BF0 /* CombineMoya */ = {
			isa = XCSwiftPackageProductDependency;
			package = 98BEC3E52ACD9DAD00529BF0 /* XCRemoteSwiftPackageReference "Moya" */;
			productName = CombineMoya;
		};
		98BEC3E82ACD9DAD00529BF0 /* Moya */ = {
			isa = XCSwiftPackageProductDependency;
			package = 98BEC3E52ACD9DAD00529BF0 /* XCRemoteSwiftPackageReference "Moya" */;
			productName = Moya;
		};
		98BEC3EA2ACD9DAD00529BF0 /* ReactiveMoya */ = {
			isa = XCSwiftPackageProductDependency;
			package = 98BEC3E52ACD9DAD00529BF0 /* XCRemoteSwiftPackageReference "Moya" */;
			productName = ReactiveMoya;
		};
		98BEC3EC2ACD9DAD00529BF0 /* RxMoya */ = {
			isa = XCSwiftPackageProductDependency;
			package = 98BEC3E52ACD9DAD00529BF0 /* XCRemoteSwiftPackageReference "Moya" */;
			productName = RxMoya;
		};
/* End XCSwiftPackageProductDependency section */
	};
	rootObject = 98BEC3B32ACD966F00529BF0 /* Project object */;
}
